
Microsoft Visual Studio Solution File, Format Version 12.00
# Visual Studio Version 17
VisualStudioVersion = 17.11.35312.102
MinimumVisualStudioVersion = 10.0.40219.1
Project("{9A19103F-16F7-4668-BE54-9A1E7A4F7556}") = "DemoProject.WebApi", "DemoProject.WebApi\DemoProject.WebApi.csproj", "{63C5F736-49D7-4FEB-AA34-D79246C486A7}"
EndProject
Global
	GlobalSection(SolutionConfigurationPlatforms) = preSolution
		Debug|Any CPU = Debug|Any CPU
		Release|Any CPU = Release|Any CPU
	EndGlobalSection
	GlobalSection(ProjectConfigurationPlatforms) = postSolution
		{63C5F736-49D7-4FEB-AA34-D79246C486A7}.Debug|Any CPU.ActiveCfg = Debug|Any CPU
		{63C5F736-49D7-4FEB-AA34-D79246C486A7}.Debug|Any CPU.Build.0 = Debug|Any CPU
		{63C5F736-49D7-4FEB-AA34-D79246C486A7}.Release|Any CPU.ActiveCfg = Release|Any CPU
		{63C5F736-49D7-4FEB-AA34-D79246C486A7}.Release|Any CPU.Build.0 = Release|Any CPU
	EndGlobalSection
	GlobalSection(SolutionProperties) = preSolution
		HideSolutionNode = FALSE
	EndGlobalSection
	GlobalSection(ExtensibilityGlobals) = postSolution
		SolutionGuid = {98DFE452-3485-43AD-AD70-1D14570C1328}
	EndGlobalSection
EndGlobal
